
Microsoft Visual Studio Solution File, Format Version 12.00
# Visual Studio Version 16
VisualStudioVersion = 16.0.30320.27
MinimumVisualStudioVersion = 10.0.40219.1
Project("{9A19103F-16F7-4668-BE54-9A1E7A4F7556}") = "MakeMagic", "MakeMagic\MakeMagic.csproj", "{C70FFE55-47DE-41EC-AE65-C9858D8DFBBB}"
EndProject
Project("{FAE04EC0-301F-11D3-BF4B-00C04F79EFBC}") = "MakeMagic.Tests.Unit", "MakeMagic.Tests.Unit\MakeMagic.Tests.Unit.csproj", "{04ED4E56-2001-4845-8208-472887C404EA}"
EndProject
Global
	GlobalSection(SolutionConfigurationPlatforms) = preSolution
		Debug|Any CPU = Debug|Any CPU
		Release|Any CPU = Release|Any CPU
	EndGlobalSection
	GlobalSection(ProjectConfigurationPlatforms) = postSolution
		{C70FFE55-47DE-41EC-AE65-C9858D8DFBBB}.Debug|Any CPU.ActiveCfg = Debug|Any CPU
		{C70FFE55-47DE-41EC-AE65-C9858D8DFBBB}.Debug|Any CPU.Build.0 = Debug|Any CPU
		{C70FFE55-47DE-41EC-AE65-C9858D8DFBBB}.Release|Any CPU.ActiveCfg = Release|Any CPU
		{C70FFE55-47DE-41EC-AE65-C9858D8DFBBB}.Release|Any CPU.Build.0 = Release|Any CPU
		{04ED4E56-2001-4845-8208-472887C404EA}.Debug|Any CPU.ActiveCfg = Debug|Any CPU
		{04ED4E56-2001-4845-8208-472887C404EA}.Debug|Any CPU.Build.0 = Debug|Any CPU
		{04ED4E56-2001-4845-8208-472887C404EA}.Release|Any CPU.ActiveCfg = Release|Any CPU
		{04ED4E56-2001-4845-8208-472887C404EA}.Release|Any CPU.Build.0 = Release|Any CPU
	EndGlobalSection
	GlobalSection(SolutionProperties) = preSolution
		HideSolutionNode = FALSE
	EndGlobalSection
	GlobalSection(ExtensibilityGlobals) = postSolution
		SolutionGuid = {115642C5-5BD9-4340-8590-14D843478CD8}
	EndGlobalSection
EndGlobal
